
Microsoft Visual Studio Solution File, Format Version 12.00
# Visual Studio Version 17
VisualStudioVersion = 17.0.31903.59
MinimumVisualStudioVersion = 10.0.40219.1
Project("{9A19103F-16F7-4668-BE54-9A1E7A4F7556}") = "ProductCreate", "src\Lambdas\ProductCreate\ProductCreate.csproj", "{EF0F438A-F09A-4927-B975-60590E905ADC}"
EndProject
Project("{2150E333-8FDC-42A3-9474-1A3956D46DE8}") = "Lambdas", "Lambdas", "{EEB869DD-8AE7-4091-AA5D-94B87E02C826}"
EndProject
Project("{9A19103F-16F7-4668-BE54-9A1E7A4F7556}") = "ProductGet", "src\Lambdas\ProductGet\ProductGet.csproj", "{A8475A6A-B6C0-4BB1-A3A9-4C4C1A586058}"
EndProject
Project("{2150E333-8FDC-42A3-9474-1A3956D46DE8}") = "src", "src", "{6092C33A-1333-4C7D-8B81-D4AB7F5A4C91}"
EndProject
Project("{2150E333-8FDC-42A3-9474-1A3956D46DE8}") = "tests", "tests", "{3DBEA372-2F99-41BA-8D93-E85D42046ED6}"
EndProject
Project("{FAE04EC0-301F-11D3-BF4B-00C04F79EFBC}") = "Catalog.Domain", "src\Catalog.Domain\Catalog.Domain.csproj", "{B39F4E09-1F16-4CAA-9BC7-1493464F81DB}"
EndProject
Project("{FAE04EC0-301F-11D3-BF4B-00C04F79EFBC}") = "Catalog.Application", "src\Catalog.Application\Catalog.Application.csproj", "{EC57E9EE-BD9A-4E83-91CA-E39080CFD04F}"
EndProject
Project("{FAE04EC0-301F-11D3-BF4B-00C04F79EFBC}") = "Catalog.Persistence", "src\Catalog.Persistence\Catalog.Persistence.csproj", "{CFBFD86E-3012-4618-BB28-0F449CCC853C}"
EndProject
Global
	GlobalSection(SolutionConfigurationPlatforms) = preSolution
		Debug|Any CPU = Debug|Any CPU
		Release|Any CPU = Release|Any CPU
	EndGlobalSection
	GlobalSection(ProjectConfigurationPlatforms) = postSolution
		{EF0F438A-F09A-4927-B975-60590E905ADC}.Debug|Any CPU.ActiveCfg = Debug|Any CPU
		{EF0F438A-F09A-4927-B975-60590E905ADC}.Debug|Any CPU.Build.0 = Debug|Any CPU
		{EF0F438A-F09A-4927-B975-60590E905ADC}.Release|Any CPU.ActiveCfg = Release|Any CPU
		{EF0F438A-F09A-4927-B975-60590E905ADC}.Release|Any CPU.Build.0 = Release|Any CPU
		{A8475A6A-B6C0-4BB1-A3A9-4C4C1A586058}.Debug|Any CPU.ActiveCfg = Debug|Any CPU
		{A8475A6A-B6C0-4BB1-A3A9-4C4C1A586058}.Debug|Any CPU.Build.0 = Debug|Any CPU
		{A8475A6A-B6C0-4BB1-A3A9-4C4C1A586058}.Release|Any CPU.ActiveCfg = Release|Any CPU
		{A8475A6A-B6C0-4BB1-A3A9-4C4C1A586058}.Release|Any CPU.Build.0 = Release|Any CPU
		{B39F4E09-1F16-4CAA-9BC7-1493464F81DB}.Debug|Any CPU.ActiveCfg = Debug|Any CPU
		{B39F4E09-1F16-4CAA-9BC7-1493464F81DB}.Debug|Any CPU.Build.0 = Debug|Any CPU
		{B39F4E09-1F16-4CAA-9BC7-1493464F81DB}.Release|Any CPU.ActiveCfg = Release|Any CPU
		{B39F4E09-1F16-4CAA-9BC7-1493464F81DB}.Release|Any CPU.Build.0 = Release|Any CPU
		{EC57E9EE-BD9A-4E83-91CA-E39080CFD04F}.Debug|Any CPU.ActiveCfg = Debug|Any CPU
		{EC57E9EE-BD9A-4E83-91CA-E39080CFD04F}.Debug|Any CPU.Build.0 = Debug|Any CPU
		{EC57E9EE-BD9A-4E83-91CA-E39080CFD04F}.Release|Any CPU.ActiveCfg = Release|Any CPU
		{EC57E9EE-BD9A-4E83-91CA-E39080CFD04F}.Release|Any CPU.Build.0 = Release|Any CPU
		{CFBFD86E-3012-4618-BB28-0F449CCC853C}.Debug|Any CPU.ActiveCfg = Debug|Any CPU
		{CFBFD86E-3012-4618-BB28-0F449CCC853C}.Debug|Any CPU.Build.0 = Debug|Any CPU
		{CFBFD86E-3012-4618-BB28-0F449CCC853C}.Release|Any CPU.ActiveCfg = Release|Any CPU
		{CFBFD86E-3012-4618-BB28-0F449CCC853C}.Release|Any CPU.Build.0 = Release|Any CPU
	EndGlobalSection
	GlobalSection(SolutionProperties) = preSolution
		HideSolutionNode = FALSE
	EndGlobalSection
	GlobalSection(NestedProjects) = preSolution
		{EF0F438A-F09A-4927-B975-60590E905ADC} = {EEB869DD-8AE7-4091-AA5D-94B87E02C826}
		{EEB869DD-8AE7-4091-AA5D-94B87E02C826} = {6092C33A-1333-4C7D-8B81-D4AB7F5A4C91}
		{A8475A6A-B6C0-4BB1-A3A9-4C4C1A586058} = {EEB869DD-8AE7-4091-AA5D-94B87E02C826}
		{B39F4E09-1F16-4CAA-9BC7-1493464F81DB} = {6092C33A-1333-4C7D-8B81-D4AB7F5A4C91}
		{EC57E9EE-BD9A-4E83-91CA-E39080CFD04F} = {6092C33A-1333-4C7D-8B81-D4AB7F5A4C91}
		{CFBFD86E-3012-4618-BB28-0F449CCC853C} = {6092C33A-1333-4C7D-8B81-D4AB7F5A4C91}
	EndGlobalSection
	GlobalSection(ExtensibilityGlobals) = postSolution
		SolutionGuid = {3B32C138-46F1-48FB-9D9E-BBFC57121B34}
	EndGlobalSection
EndGlobal
